
Microsoft Visual Studio Solution File, Format Version 11.00
# Visual Studio 2010
Project("{FAE04EC0-301F-11D3-BF4B-00C04F79EFBC}") = "Assembly-CSharp", "Assembly-CSharp.csproj", "{7A33D74F-C311-1CF7-861A-09B9DA9F9AAD}"
EndProject
Global
	GlobalSection(SolutionConfigurationPlatforms) = preSolution
		Debug|Any CPU = Debug|Any CPU
		Release|Any CPU = Release|Any CPU
	EndGlobalSection
	GlobalSection(ProjectConfigurationPlatforms) = postSolution
		{7A33D74F-C311-1CF7-861A-09B9DA9F9AAD}.Debug|Any CPU.ActiveCfg = Debug|Any CPU
		{7A33D74F-C311-1CF7-861A-09B9DA9F9AAD}.Debug|Any CPU.Build.0 = Debug|Any CPU
		{7A33D74F-C311-1CF7-861A-09B9DA9F9AAD}.Release|Any CPU.ActiveCfg = Release|Any CPU
		{7A33D74F-C311-1CF7-861A-09B9DA9F9AAD}.Release|Any CPU.Build.0 = Release|Any CPU
	EndGlobalSection
	GlobalSection(SolutionProperties) = preSolution
		HideSolutionNode = FALSE
	EndGlobalSection
EndGlobal
